
Microsoft Visual Studio Solution File, Format Version 12.00
# Visual Studio Version 17
VisualStudioVersion = 17.0.31919.166
MinimumVisualStudioVersion = 10.0.40219.1
Project("{9A19103F-16F7-4668-BE54-9A1E7A4F7556}") = "Vuture", "src\Vuture.csproj", "{9580978E-DC76-45CB-8EFF-585014694AE8}"
EndProject
Project("{FAE04EC0-301F-11D3-BF4B-00C04F79EFBC}") = "test", "test\unit\Vuture.Test.Unit.csproj", "{9DD2F253-8C11-4FBD-AA5B-197DA18B4828}"
EndProject
Global
	GlobalSection(SolutionConfigurationPlatforms) = preSolution
		Debug|Any CPU = Debug|Any CPU
		Release|Any CPU = Release|Any CPU
	EndGlobalSection
	GlobalSection(ProjectConfigurationPlatforms) = postSolution
		{9580978E-DC76-45CB-8EFF-585014694AE8}.Debug|Any CPU.ActiveCfg = Debug|Any CPU
		{9580978E-DC76-45CB-8EFF-585014694AE8}.Debug|Any CPU.Build.0 = Debug|Any CPU
		{9580978E-DC76-45CB-8EFF-585014694AE8}.Release|Any CPU.ActiveCfg = Release|Any CPU
		{9580978E-DC76-45CB-8EFF-585014694AE8}.Release|Any CPU.Build.0 = Release|Any CPU
		{9DD2F253-8C11-4FBD-AA5B-197DA18B4828}.Debug|Any CPU.ActiveCfg = Debug|Any CPU
		{9DD2F253-8C11-4FBD-AA5B-197DA18B4828}.Debug|Any CPU.Build.0 = Debug|Any CPU
		{9DD2F253-8C11-4FBD-AA5B-197DA18B4828}.Release|Any CPU.ActiveCfg = Release|Any CPU
		{9DD2F253-8C11-4FBD-AA5B-197DA18B4828}.Release|Any CPU.Build.0 = Release|Any CPU
	EndGlobalSection
	GlobalSection(SolutionProperties) = preSolution
		HideSolutionNode = FALSE
	EndGlobalSection
	GlobalSection(ExtensibilityGlobals) = postSolution
		SolutionGuid = {8842B093-D2E9-4E9B-B2FB-0C776F6BBF5F}
	EndGlobalSection
EndGlobal
